github.com/aead/serpent v0.0.0-20160714141033-fba169763ea6 h1:5L8Mj9Co9sJVgW3TpYk2gxGJnDjsYuboNTcRmbtGKGs=
github.com/aead/serpent v0.0.0-20160714141033-fba169763ea6/go.mod h1:3HgLJ9d18kXMLQlJvIY3+FszZYMxCz8WfE2MQ7hDY0w=
github.com/containers/luksy v0.0.0-20251120151536-e33b6d68eabe h1:0tA3LFemA19j82bVOJPK3n5PA818JqnhbFRsfqnIu+Y=
github.com/containers/luksy v0.0.0-20251120151536-e33b6d68eabe/go.mod h1:SJ2DZmluHVrn7q63Lkfu8fuSFzJfs3Ig4jHrRLZlLGs=
github.com/google/uuid v1.6.0 h1:NIvaJDMOsjHA8n1jAhLSgzrAzy1Hgr+hNrb57e+94F0=
github.com/google/uuid v1.6.0/go.mod h1:TIyPZe4MgqvfeYDBFedMoGGpEw/LqOeaOT+nhxU+yHo=
github.com/klauspost/compress v1.18.1 h1:bcSGx7UbpBqMChDtsF28Lw6v/G94LPrrbMbdC3JH2co=
github.com/klauspost/compress v1.18.1/go.mod h1:ZQFFVG+MdnR0P+l6wpXgIL4NTtwiKIdBnrBd8Nrxr+0=
golang.org/x/crypto v0.45.0 h1:jMBrvKuj23MTlT0bQEOBcAE0mjg8mK9RXFhRH6nyF3Q=
golang.org/x/crypto v0.45.0/go.mod h1:XTGrrkGJve7CYK7J8PEww4aY7gM3qMCElcJQ8n8JdX4=
golang.org/x/sys v0.38.0 h1:3yZWxaJjBmCWXqhN1qh02AkOnCQ1poK6oF+a7xWL6Gc=
golang.org/x/sys v0.38.0/go.mod h1:OgkHotnGiDImocRcuBABYBEXf8A9a87e/uXjp9XT3ks=
